
Microsoft Visual Studio Solution File, Format Version 12.00
# Visual Studio Version 16
VisualStudioVersion = 16.0.34407.143
MinimumVisualStudioVersion = 10.0.40219.1
Project("{FAE04EC0-301F-11D3-BF4B-00C04F79EFBC}") = "KXR-Decompresser", "KXR-Decompresser.csproj", "{B740F923-616A-492E-89ED-8EE26C97ADF1}"
EndProject
Global
	GlobalSection(SolutionConfigurationPlatforms) = preSolution
		Debug|Any CPU = Debug|Any CPU
		Release|Any CPU = Release|Any CPU
	EndGlobalSection
	GlobalSection(ProjectConfigurationPlatforms) = postSolution
		{B740F923-616A-492E-89ED-8EE26C97ADF1}.Debug|Any CPU.ActiveCfg = Debug|Any CPU
		{B740F923-616A-492E-89ED-8EE26C97ADF1}.Debug|Any CPU.Build.0 = Debug|Any CPU
		{B740F923-616A-492E-89ED-8EE26C97ADF1}.Release|Any CPU.ActiveCfg = Release|Any CPU
		{B740F923-616A-492E-89ED-8EE26C97ADF1}.Release|Any CPU.Build.0 = Release|Any CPU
	EndGlobalSection
	GlobalSection(SolutionProperties) = preSolution
		HideSolutionNode = FALSE
	EndGlobalSection
	GlobalSection(ExtensibilityGlobals) = postSolution
		SolutionGuid = {10E511E2-22AC-445F-B7F8-B8E86B982A18}
	EndGlobalSection
EndGlobal
